
Microsoft Visual Studio Solution File, Format Version 12.00
# Visual Studio Version 17
VisualStudioVersion = 17.10.34928.147
MinimumVisualStudioVersion = 10.0.40219.1
Project("{2150E333-8FDC-42A3-9474-1A3956D46DE8}") = "src", "src", "{5A9BE95A-7211-4225-BDBE-7713773B8584}"
EndProject
Project("{2150E333-8FDC-42A3-9474-1A3956D46DE8}") = "GerenciadorGeral.domain", "GerenciadorGeral.domain", "{EF33DA7F-46CE-49A6-A8C1-6901FFF9135A}"
EndProject
Project("{2150E333-8FDC-42A3-9474-1A3956D46DE8}") = "GerenciadorGeral.infra", "GerenciadorGeral.infra", "{1B3F612F-1E68-4C3F-BF83-823E4FDAB505}"
EndProject
Project("{9A19103F-16F7-4668-BE54-9A1E7A4F7556}") = "GerenciadorGeral.domain", "src\GerenciadorGeral.domain\GerenciadorGeral.domain.csproj", "{A311E920-A9DA-49BB-9ECF-9EB80104EE9C}"
EndProject
Project("{9A19103F-16F7-4668-BE54-9A1E7A4F7556}") = "GerenciadorGeral.infra.Data", "src\GerenciadorGeral.infra\GerenciadorGeral.infra.Data\GerenciadorGeral.infra.Data.csproj", "{3F499F3C-BE30-4B45-AAD0-4D03FC8129F1}"
EndProject
Project("{9A19103F-16F7-4668-BE54-9A1E7A4F7556}") = "GerenciadorGeral.infra.IoC", "src\GerenciadorGeral.infra\GerenciadorGeral.infra.IoC\GerenciadorGeral.infra.IoC.csproj", "{12F230D1-2B68-4254-8033-CCFDFC0A2044}"
EndProject
Project("{2150E333-8FDC-42A3-9474-1A3956D46DE8}") = "GerenciadorGeral.application", "GerenciadorGeral.application", "{866B4B2C-9212-4FC6-8A9B-A3D5DDFAB7BE}"
EndProject
Project("{2150E333-8FDC-42A3-9474-1A3956D46DE8}") = "GerenciadorGeral.presentation", "GerenciadorGeral.presentation", "{5F014300-C907-4551-9FB2-85A711AC8036}"
EndProject
Project("{2150E333-8FDC-42A3-9474-1A3956D46DE8}") = "GerenciadorGeral.services", "GerenciadorGeral.services", "{1EF0C086-E28B-442A-B068-A086A863E9AE}"
EndProject
Project("{9A19103F-16F7-4668-BE54-9A1E7A4F7556}") = "GerenciadorGeral.application", "src\GerenciadorGeral.application\GerenciadorGeral.application.csproj", "{C2ADE66E-7FCE-44CD-B7A6-A81D9E513D4B}"
EndProject
Project("{9A19103F-16F7-4668-BE54-9A1E7A4F7556}") = "GerenciadorGeral.infra.Core", "src\GerenciadorGeral.infra\GerenciadorGeral.infra.Core\GerenciadorGeral.infra.Core.csproj", "{342E9829-D4E2-4694-9C26-73771F3A3DEB}"
EndProject
Project("{FAE04EC0-301F-11D3-BF4B-00C04F79EFBC}") = "GerenciadorGeral.presentation", "src\GerenciadorGeral.presentation\GerenciadorGeral.presentation\GerenciadorGeral.presentation.csproj", "{AAFF1505-9E5C-409F-B532-E3D2AD101ABD}"
EndProject
Project("{FAE04EC0-301F-11D3-BF4B-00C04F79EFBC}") = "GerenciadorGeral.presentation.Client", "src\GerenciadorGeral.presentation\GerenciadorGeral.presentation.Client\GerenciadorGeral.presentation.Client.csproj", "{267EC604-6DCD-4718-B030-18E5CAD95BEF}"
EndProject
Global
	GlobalSection(SolutionConfigurationPlatforms) = preSolution
		Debug|Any CPU = Debug|Any CPU
		Release|Any CPU = Release|Any CPU
	EndGlobalSection
	GlobalSection(ProjectConfigurationPlatforms) = postSolution
		{A311E920-A9DA-49BB-9ECF-9EB80104EE9C}.Debug|Any CPU.ActiveCfg = Debug|Any CPU
		{A311E920-A9DA-49BB-9ECF-9EB80104EE9C}.Debug|Any CPU.Build.0 = Debug|Any CPU
		{A311E920-A9DA-49BB-9ECF-9EB80104EE9C}.Release|Any CPU.ActiveCfg = Release|Any CPU
		{A311E920-A9DA-49BB-9ECF-9EB80104EE9C}.Release|Any CPU.Build.0 = Release|Any CPU
		{3F499F3C-BE30-4B45-AAD0-4D03FC8129F1}.Debug|Any CPU.ActiveCfg = Debug|Any CPU
		{3F499F3C-BE30-4B45-AAD0-4D03FC8129F1}.Debug|Any CPU.Build.0 = Debug|Any CPU
		{3F499F3C-BE30-4B45-AAD0-4D03FC8129F1}.Release|Any CPU.ActiveCfg = Release|Any CPU
		{3F499F3C-BE30-4B45-AAD0-4D03FC8129F1}.Release|Any CPU.Build.0 = Release|Any CPU
		{12F230D1-2B68-4254-8033-CCFDFC0A2044}.Debug|Any CPU.ActiveCfg = Debug|Any CPU
		{12F230D1-2B68-4254-8033-CCFDFC0A2044}.Debug|Any CPU.Build.0 = Debug|Any CPU
		{12F230D1-2B68-4254-8033-CCFDFC0A2044}.Release|Any CPU.ActiveCfg = Release|Any CPU
		{12F230D1-2B68-4254-8033-CCFDFC0A2044}.Release|Any CPU.Build.0 = Release|Any CPU
		{C2ADE66E-7FCE-44CD-B7A6-A81D9E513D4B}.Debug|Any CPU.ActiveCfg = Debug|Any CPU
		{C2ADE66E-7FCE-44CD-B7A6-A81D9E513D4B}.Debug|Any CPU.Build.0 = Debug|Any CPU
		{C2ADE66E-7FCE-44CD-B7A6-A81D9E513D4B}.Release|Any CPU.ActiveCfg = Release|Any CPU
		{C2ADE66E-7FCE-44CD-B7A6-A81D9E513D4B}.Release|Any CPU.Build.0 = Release|Any CPU
		{342E9829-D4E2-4694-9C26-73771F3A3DEB}.Debug|Any CPU.ActiveCfg = Debug|Any CPU
		{342E9829-D4E2-4694-9C26-73771F3A3DEB}.Debug|Any CPU.Build.0 = Debug|Any CPU
		{342E9829-D4E2-4694-9C26-73771F3A3DEB}.Release|Any CPU.ActiveCfg = Release|Any CPU
		{342E9829-D4E2-4694-9C26-73771F3A3DEB}.Release|Any CPU.Build.0 = Release|Any CPU
		{AAFF1505-9E5C-409F-B532-E3D2AD101ABD}.Debug|Any CPU.ActiveCfg = Debug|Any CPU
		{AAFF1505-9E5C-409F-B532-E3D2AD101ABD}.Debug|Any CPU.Build.0 = Debug|Any CPU
		{AAFF1505-9E5C-409F-B532-E3D2AD101ABD}.Release|Any CPU.ActiveCfg = Release|Any CPU
		{AAFF1505-9E5C-409F-B532-E3D2AD101ABD}.Release|Any CPU.Build.0 = Release|Any CPU
		{267EC604-6DCD-4718-B030-18E5CAD95BEF}.Debug|Any CPU.ActiveCfg = Debug|Any CPU
		{267EC604-6DCD-4718-B030-18E5CAD95BEF}.Debug|Any CPU.Build.0 = Debug|Any CPU
		{267EC604-6DCD-4718-B030-18E5CAD95BEF}.Release|Any CPU.ActiveCfg = Release|Any CPU
		{267EC604-6DCD-4718-B030-18E5CAD95BEF}.Release|Any CPU.Build.0 = Release|Any CPU
	EndGlobalSection
	GlobalSection(SolutionProperties) = preSolution
		HideSolutionNode = FALSE
	EndGlobalSection
	GlobalSection(NestedProjects) = preSolution
		{EF33DA7F-46CE-49A6-A8C1-6901FFF9135A} = {5A9BE95A-7211-4225-BDBE-7713773B8584}
		{1B3F612F-1E68-4C3F-BF83-823E4FDAB505} = {5A9BE95A-7211-4225-BDBE-7713773B8584}
		{A311E920-A9DA-49BB-9ECF-9EB80104EE9C} = {EF33DA7F-46CE-49A6-A8C1-6901FFF9135A}
		{3F499F3C-BE30-4B45-AAD0-4D03FC8129F1} = {1B3F612F-1E68-4C3F-BF83-823E4FDAB505}
		{12F230D1-2B68-4254-8033-CCFDFC0A2044} = {1B3F612F-1E68-4C3F-BF83-823E4FDAB505}
		{866B4B2C-9212-4FC6-8A9B-A3D5DDFAB7BE} = {5A9BE95A-7211-4225-BDBE-7713773B8584}
		{5F014300-C907-4551-9FB2-85A711AC8036} = {5A9BE95A-7211-4225-BDBE-7713773B8584}
		{1EF0C086-E28B-442A-B068-A086A863E9AE} = {5A9BE95A-7211-4225-BDBE-7713773B8584}
		{C2ADE66E-7FCE-44CD-B7A6-A81D9E513D4B} = {866B4B2C-9212-4FC6-8A9B-A3D5DDFAB7BE}
		{342E9829-D4E2-4694-9C26-73771F3A3DEB} = {1B3F612F-1E68-4C3F-BF83-823E4FDAB505}
		{AAFF1505-9E5C-409F-B532-E3D2AD101ABD} = {5F014300-C907-4551-9FB2-85A711AC8036}
		{267EC604-6DCD-4718-B030-18E5CAD95BEF} = {5F014300-C907-4551-9FB2-85A711AC8036}
	EndGlobalSection
	GlobalSection(ExtensibilityGlobals) = postSolution
		SolutionGuid = {E9232379-7870-4A22-969B-7A57853CA2D6}
	EndGlobalSection
EndGlobal
